
Microsoft Visual Studio Solution File, Format Version 12.00
# Visual Studio Version 16
VisualStudioVersion = 16.0.30717.126
MinimumVisualStudioVersion = 10.0.40219.1
Project("{FAE04EC0-301F-11D3-BF4B-00C04F79EFBC}") = "MsiImageIndexer", "MsiImageIndexer\MsiImageIndexer.csproj", "{78906D24-2C52-42A7-A95E-0B1A37B04258}"
EndProject
Global
	GlobalSection(SolutionConfigurationPlatforms) = preSolution
		Debug|Any CPU = Debug|Any CPU
		Release|Any CPU = Release|Any CPU
	EndGlobalSection
	GlobalSection(ProjectConfigurationPlatforms) = postSolution
		{78906D24-2C52-42A7-A95E-0B1A37B04258}.Debug|Any CPU.ActiveCfg = Debug|Any CPU
		{78906D24-2C52-42A7-A95E-0B1A37B04258}.Debug|Any CPU.Build.0 = Debug|Any CPU
		{78906D24-2C52-42A7-A95E-0B1A37B04258}.Release|Any CPU.ActiveCfg = Release|Any CPU
		{78906D24-2C52-42A7-A95E-0B1A37B04258}.Release|Any CPU.Build.0 = Release|Any CPU
	EndGlobalSection
	GlobalSection(SolutionProperties) = preSolution
		HideSolutionNode = FALSE
	EndGlobalSection
	GlobalSection(ExtensibilityGlobals) = postSolution
		SolutionGuid = {3459B8B5-11F8-4561-AF1A-D8199CD42026}
	EndGlobalSection
EndGlobal
